
Microsoft Visual Studio Solution File, Format Version 12.00
# Visual Studio 15
VisualStudioVersion = 15.0.28307.539
MinimumVisualStudioVersion = 10.0.40219.1
Project("{9A19103F-16F7-4668-BE54-9A1E7A4F7556}") = "CheckVirtualAddress", "CheckVirtualAddress\CheckVirtualAddress.csproj", "{17E7ACB0-E8B9-4394-BD44-0B942165EB1F}"
EndProject
Project("{FAE04EC0-301F-11D3-BF4B-00C04F79EFBC}") = "GetBankList_Request", "GetBankList_Request\GetBankList_Request.csproj", "{3BDD8948-FC06-4E5D-8A49-4E2EB936B89D}"
EndProject
Global
	GlobalSection(SolutionConfigurationPlatforms) = preSolution
		Debug|Any CPU = Debug|Any CPU
		Release|Any CPU = Release|Any CPU
	EndGlobalSection
	GlobalSection(ProjectConfigurationPlatforms) = postSolution
		{17E7ACB0-E8B9-4394-BD44-0B942165EB1F}.Debug|Any CPU.ActiveCfg = Debug|Any CPU
		{17E7ACB0-E8B9-4394-BD44-0B942165EB1F}.Debug|Any CPU.Build.0 = Debug|Any CPU
		{17E7ACB0-E8B9-4394-BD44-0B942165EB1F}.Release|Any CPU.ActiveCfg = Release|Any CPU
		{17E7ACB0-E8B9-4394-BD44-0B942165EB1F}.Release|Any CPU.Build.0 = Release|Any CPU
		{3BDD8948-FC06-4E5D-8A49-4E2EB936B89D}.Debug|Any CPU.ActiveCfg = Debug|Any CPU
		{3BDD8948-FC06-4E5D-8A49-4E2EB936B89D}.Debug|Any CPU.Build.0 = Debug|Any CPU
		{3BDD8948-FC06-4E5D-8A49-4E2EB936B89D}.Release|Any CPU.ActiveCfg = Release|Any CPU
		{3BDD8948-FC06-4E5D-8A49-4E2EB936B89D}.Release|Any CPU.Build.0 = Release|Any CPU
	EndGlobalSection
	GlobalSection(SolutionProperties) = preSolution
		HideSolutionNode = FALSE
	EndGlobalSection
	GlobalSection(ExtensibilityGlobals) = postSolution
		SolutionGuid = {46720CF8-07D0-4591-B6BC-3F20D1A9B543}
	EndGlobalSection
EndGlobal
